
Microsoft Visual Studio Solution File, Format Version 12.00
# Visual Studio Version 16
VisualStudioVersion = 16.0.31911.196
MinimumVisualStudioVersion = 10.0.40219.1
Project("{FAE04EC0-301F-11D3-BF4B-00C04F79EFBC}") = "BodyRockyWPF", "BodyRockyWPF\BodyRockyWPF.csproj", "{003D13EE-BA56-431D-8A10-C36FB93D4119}"
EndProject
Project("{FAE04EC0-301F-11D3-BF4B-00C04F79EFBC}") = "BodyRockyWpfTestNUnit", "BodyRockyWpfTestNUnit\BodyRockyWpfTestNUnit.csproj", "{37C7F904-0F30-459A-845A-0EE15BA0206A}"
EndProject
Global
	GlobalSection(SolutionConfigurationPlatforms) = preSolution
		Debug|Any CPU = Debug|Any CPU
		Release|Any CPU = Release|Any CPU
	EndGlobalSection
	GlobalSection(ProjectConfigurationPlatforms) = postSolution
		{003D13EE-BA56-431D-8A10-C36FB93D4119}.Debug|Any CPU.ActiveCfg = Debug|Any CPU
		{003D13EE-BA56-431D-8A10-C36FB93D4119}.Debug|Any CPU.Build.0 = Debug|Any CPU
		{003D13EE-BA56-431D-8A10-C36FB93D4119}.Release|Any CPU.ActiveCfg = Release|Any CPU
		{003D13EE-BA56-431D-8A10-C36FB93D4119}.Release|Any CPU.Build.0 = Release|Any CPU
		{37C7F904-0F30-459A-845A-0EE15BA0206A}.Debug|Any CPU.ActiveCfg = Debug|Any CPU
		{37C7F904-0F30-459A-845A-0EE15BA0206A}.Debug|Any CPU.Build.0 = Debug|Any CPU
		{37C7F904-0F30-459A-845A-0EE15BA0206A}.Release|Any CPU.ActiveCfg = Release|Any CPU
		{37C7F904-0F30-459A-845A-0EE15BA0206A}.Release|Any CPU.Build.0 = Release|Any CPU
	EndGlobalSection
	GlobalSection(SolutionProperties) = preSolution
		HideSolutionNode = FALSE
	EndGlobalSection
	GlobalSection(ExtensibilityGlobals) = postSolution
		SolutionGuid = {D18CB844-1A95-46F3-BA38-62C7180268F5}
	EndGlobalSection
EndGlobal
